
Microsoft Visual Studio Solution File, Format Version 12.00
Project("{FAE04EC0-301F-11D3-BF4B-00C04F79EFBC}") = "MCC.TestTask.App", "MCC.TestTask.App\MCC.TestTask.App.csproj", "{F24371C6-C6DC-4467-BB76-7CC1842B713B}"
EndProject
Project("{FAE04EC0-301F-11D3-BF4B-00C04F79EFBC}") = "MCC.TestTask.Domain", "MCC.TestTask.Domain\MCC.TestTask.Domain.csproj", "{7F4FCB83-7757-48F3-A303-DC8B8B7D051F}"
EndProject
Project("{FAE04EC0-301F-11D3-BF4B-00C04F79EFBC}") = "MCC.TestTask.Persistence", "MCC.TestTask.Persistence\MCC.TestTask.Persistence.csproj", "{0E1E8AE2-AAE7-480E-984C-52C580EC612C}"
EndProject
Project("{FAE04EC0-301F-11D3-BF4B-00C04F79EFBC}") = "MCC.TestTask.Infrastructure", "MCC.TestTask.Infrastructure\MCC.TestTask.Infrastructure.csproj", "{48090959-48C4-4680-9872-E207970B5D89}"
EndProject
Global
	GlobalSection(SolutionConfigurationPlatforms) = preSolution
		Debug|Any CPU = Debug|Any CPU
		Release|Any CPU = Release|Any CPU
	EndGlobalSection
	GlobalSection(ProjectConfigurationPlatforms) = postSolution
		{F24371C6-C6DC-4467-BB76-7CC1842B713B}.Debug|Any CPU.ActiveCfg = Debug|Any CPU
		{F24371C6-C6DC-4467-BB76-7CC1842B713B}.Debug|Any CPU.Build.0 = Debug|Any CPU
		{F24371C6-C6DC-4467-BB76-7CC1842B713B}.Release|Any CPU.ActiveCfg = Release|Any CPU
		{F24371C6-C6DC-4467-BB76-7CC1842B713B}.Release|Any CPU.Build.0 = Release|Any CPU
		{7F4FCB83-7757-48F3-A303-DC8B8B7D051F}.Debug|Any CPU.ActiveCfg = Debug|Any CPU
		{7F4FCB83-7757-48F3-A303-DC8B8B7D051F}.Debug|Any CPU.Build.0 = Debug|Any CPU
		{7F4FCB83-7757-48F3-A303-DC8B8B7D051F}.Release|Any CPU.ActiveCfg = Release|Any CPU
		{7F4FCB83-7757-48F3-A303-DC8B8B7D051F}.Release|Any CPU.Build.0 = Release|Any CPU
		{0E1E8AE2-AAE7-480E-984C-52C580EC612C}.Debug|Any CPU.ActiveCfg = Debug|Any CPU
		{0E1E8AE2-AAE7-480E-984C-52C580EC612C}.Debug|Any CPU.Build.0 = Debug|Any CPU
		{0E1E8AE2-AAE7-480E-984C-52C580EC612C}.Release|Any CPU.ActiveCfg = Release|Any CPU
		{0E1E8AE2-AAE7-480E-984C-52C580EC612C}.Release|Any CPU.Build.0 = Release|Any CPU
		{48090959-48C4-4680-9872-E207970B5D89}.Debug|Any CPU.ActiveCfg = Debug|Any CPU
		{48090959-48C4-4680-9872-E207970B5D89}.Debug|Any CPU.Build.0 = Debug|Any CPU
		{48090959-48C4-4680-9872-E207970B5D89}.Release|Any CPU.ActiveCfg = Release|Any CPU
		{48090959-48C4-4680-9872-E207970B5D89}.Release|Any CPU.Build.0 = Release|Any CPU
	EndGlobalSection
EndGlobal
